// !$*UTF8*$!
{
	archiveVersion = 1;
	classes = {
	};
	objectVersion = 50;
	objects = {

/* Begin PBXBuildFile section */
		8E1BB9212474142800119A49 /* AppDelegate.swift in Sources */ = {isa = PBXBuildFile; fileRef = 8E1BB9202474142800119A49 /* AppDelegate.swift */; };
		8E1BB9232474142800119A49 /* SceneDelegate.swift in Sources */ = {isa = PBXBuildFile; fileRef = 8E1BB9222474142800119A49 /* SceneDelegate.swift */; };
		8E1BB92B2474142800119A49 /* Xpense.xcdatamodeld in Sources */ = {isa = PBXBuildFile; fileRef = 8E1BB9292474142800119A49 /* Xpense.xcdatamodeld */; };
		8E1BB92D2474142900119A49 /* Assets.xcassets in Resources */ = {isa = PBXBuildFile; fileRef = 8E1BB92C2474142900119A49 /* Assets.xcassets */; };
		8E1BB9302474142900119A49 /* LaunchScreen.storyboard in Resources */ = {isa = PBXBuildFile; fileRef = 8E1BB92E2474142900119A49 /* LaunchScreen.storyboard */; };
		8E1BB9542474196700119A49 /* Localizable.strings in Resources */ = {isa = PBXBuildFile; fileRef = 8E1BB9532474196700119A49 /* Localizable.strings */; };
		8E1BB95624741A1300119A49 /* TabBarController.swift in Sources */ = {isa = PBXBuildFile; fileRef = 8E1BB95524741A1300119A49 /* TabBarController.swift */; };
		8E1BB964247424C800119A49 /* CurrencyLayerRouter.swift in Sources */ = {isa = PBXBuildFile; fileRef = 8E1BB963247424C800119A49 /* CurrencyLayerRouter.swift */; };
		8E1BB966247424E500119A49 /* CurrencyLayerRepository.swift in Sources */ = {isa = PBXBuildFile; fileRef = 8E1BB965247424E500119A49 /* CurrencyLayerRepository.swift */; };
		8E1BB968247424F000119A49 /* APIService.swift in Sources */ = {isa = PBXBuildFile; fileRef = 8E1BB967247424F000119A49 /* APIService.swift */; };
		8E1BB96B2474259000119A49 /* Logger.swift in Sources */ = {isa = PBXBuildFile; fileRef = 8E1BB96A2474259000119A49 /* Logger.swift */; };
		8E1BB96D247426DE00119A49 /* README.md in Resources */ = {isa = PBXBuildFile; fileRef = 8E1BB96C247426DE00119A49 /* README.md */; };
		8E1BB96F24742EB700119A49 /* APIError.swift in Sources */ = {isa = PBXBuildFile; fileRef = 8E1BB96E24742EB700119A49 /* APIError.swift */; };
		8E1BB97124742FFC00119A49 /* Localization+.swift in Sources */ = {isa = PBXBuildFile; fileRef = 8E1BB97024742FFC00119A49 /* Localization+.swift */; };
		8E45239A24780AAE009936F6 /* JSONDecoder+.swift in Sources */ = {isa = PBXBuildFile; fileRef = 8E45239924780AAE009936F6 /* JSONDecoder+.swift */; };
		8E45239C24781264009936F6 /* CurrencyLayerRepositoryTests.swift in Sources */ = {isa = PBXBuildFile; fileRef = 8E45239B24781264009936F6 /* CurrencyLayerRepositoryTests.swift */; };
		8E45239E247813DB009936F6 /* CurrencyLayerConvertResponseMock.swift in Sources */ = {isa = PBXBuildFile; fileRef = 8E45239D247813DB009936F6 /* CurrencyLayerConvertResponseMock.swift */; };
		8E4523A0247826A7009936F6 /* Category.swift in Sources */ = {isa = PBXBuildFile; fileRef = 8E45239F247826A7009936F6 /* Category.swift */; };
		8E4523A824782B8A009936F6 /* CategoryViewController.swift in Sources */ = {isa = PBXBuildFile; fileRef = 8E4523A724782B8A009936F6 /* CategoryViewController.swift */; };
		8E4523AC24782D2B009936F6 /* UIColors+.swift in Sources */ = {isa = PBXBuildFile; fileRef = 8E4523AB24782D2B009936F6 /* UIColors+.swift */; };
		8E4523AE24783060009936F6 /* CategoryViewModel.swift in Sources */ = {isa = PBXBuildFile; fileRef = 8E4523AD24783060009936F6 /* CategoryViewModel.swift */; };
		8E4523B324784252009936F6 /* UIColor+Tests.swift in Sources */ = {isa = PBXBuildFile; fileRef = 8E4523B224784252009936F6 /* UIColor+Tests.swift */; };
		8E4523B524784325009936F6 /* Date+Tests.swift in Sources */ = {isa = PBXBuildFile; fileRef = 8E4523B424784325009936F6 /* Date+Tests.swift */; };
		8E4523B72478461B009936F6 /* Alerts.swift in Sources */ = {isa = PBXBuildFile; fileRef = 8E4523B62478461B009936F6 /* Alerts.swift */; };
		8E4523B924784E1E009936F6 /* UIView+.swift in Sources */ = {isa = PBXBuildFile; fileRef = 8E4523B824784E1E009936F6 /* UIView+.swift */; };
		8E716FE224757DCD007AF650 /* CurrencyLayerRouterTests.swift in Sources */ = {isa = PBXBuildFile; fileRef = 8E716FE124757DCD007AF650 /* CurrencyLayerRouterTests.swift */; };
		8E716FF024757DDC007AF650 /* APIServiceTests.swift in Sources */ = {isa = PBXBuildFile; fileRef = 8E716FEF24757DDC007AF650 /* APIServiceTests.swift */; };
		8E716FFB247581D0007AF650 /* Result+.swift in Sources */ = {isa = PBXBuildFile; fileRef = 8E716FFA247581D0007AF650 /* Result+.swift */; };
		8E716FFF24758E0A007AF650 /* Currency.swift in Sources */ = {isa = PBXBuildFile; fileRef = 8E716FFE24758E0A007AF650 /* Currency.swift */; };
		8E717001247592A1007AF650 /* Date+.swift in Sources */ = {isa = PBXBuildFile; fileRef = 8E717000247592A1007AF650 /* Date+.swift */; };
		8E71700324759436007AF650 /* CurrencyLayerTests.swift in Sources */ = {isa = PBXBuildFile; fileRef = 8E71700224759436007AF650 /* CurrencyLayerTests.swift */; };
		8E7170052475A1A9007AF650 /* CurrencyLayerConvertResponse.swift in Sources */ = {isa = PBXBuildFile; fileRef = 8E7170042475A1A9007AF650 /* CurrencyLayerConvertResponse.swift */; };
		8E7170072475A5AF007AF650 /* CurrencyLayerConvertResponseTests.swift in Sources */ = {isa = PBXBuildFile; fileRef = 8E7170062475A5AF007AF650 /* CurrencyLayerConvertResponseTests.swift */; };
		8E71700A2475A650007AF650 /* TestHelpers.swift in Sources */ = {isa = PBXBuildFile; fileRef = 8E7170092475A650007AF650 /* TestHelpers.swift */; };
		8E90B50F2479CCFD00668D0C /* TransactionsViewController.swift in Sources */ = {isa = PBXBuildFile; fileRef = 8E90B50E2479CCFD00668D0C /* TransactionsViewController.swift */; };
		8E90B5112479CD0600668D0C /* TransactionsViewModel.swift in Sources */ = {isa = PBXBuildFile; fileRef = 8E90B5102479CD0600668D0C /* TransactionsViewModel.swift */; };
		8E90B5152479D3A600668D0C /* AddTransactionViewController.swift in Sources */ = {isa = PBXBuildFile; fileRef = 8E90B5132479D3A600668D0C /* AddTransactionViewController.swift */; };
		8E90B5162479D3A600668D0C /* AddTransactionViewController.xib in Resources */ = {isa = PBXBuildFile; fileRef = 8E90B5142479D3A600668D0C /* AddTransactionViewController.xib */; };
		8E90B5182479DA0A00668D0C /* AddTransactionViewModel.swift in Sources */ = {isa = PBXBuildFile; fileRef = 8E90B5172479DA0A00668D0C /* AddTransactionViewModel.swift */; };
		8E90B51A2479E1E500668D0C /* Transaction.swift in Sources */ = {isa = PBXBuildFile; fileRef = 8E90B5192479E1E500668D0C /* Transaction.swift */; };
		8E90B51C2479EE9400668D0C /* TransactionService.swift in Sources */ = {isa = PBXBuildFile; fileRef = 8E90B51B2479EE9400668D0C /* TransactionService.swift */; };
		8E90B51F2479F0D000668D0C /* TransactionDB+CoreDataClass.swift in Sources */ = {isa = PBXBuildFile; fileRef = 8E90B51D2479F0D000668D0C /* TransactionDB+CoreDataClass.swift */; };
		8E90B5202479F0D000668D0C /* TransactionDB+CoreDataProperties.swift in Sources */ = {isa = PBXBuildFile; fileRef = 8E90B51E2479F0D000668D0C /* TransactionDB+CoreDataProperties.swift */; };
		8EE96C462477E2B1007E89BF /* RepositoryError.swift in Sources */ = {isa = PBXBuildFile; fileRef = 8EE96C452477E2B1007E89BF /* RepositoryError.swift */; };
		8EE96C482477E3D5007E89BF /* DI.swift in Sources */ = {isa = PBXBuildFile; fileRef = 8EE96C472477E3D5007E89BF /* DI.swift */; };
		8EE96C4D247807C6007E89BF /* APIServiceMock.swift in Sources */ = {isa = PBXBuildFile; fileRef = 8EE96C4C247807C6007E89BF /* APIServiceMock.swift */; };
		8EE96C4F24780940007E89BF /* CurrencyLayerRepositoryMock.swift in Sources */ = {isa = PBXBuildFile; fileRef = 8EE96C4E24780940007E89BF /* CurrencyLayerRepositoryMock.swift */; };
		8EFB64A9247946B400B853B9 /* CategoryDB+CoreDataClass.swift in Sources */ = {isa = PBXBuildFile; fileRef = 8EFB64A7247946B400B853B9 /* CategoryDB+CoreDataClass.swift */; };
		8EFB64AA247946B400B853B9 /* CategoryDB+CoreDataProperties.swift in Sources */ = {isa = PBXBuildFile; fileRef = 8EFB64A8247946B400B853B9 /* CategoryDB+CoreDataProperties.swift */; };
		8EFB64AC2479487300B853B9 /* DatabaseService.swift in Sources */ = {isa = PBXBuildFile; fileRef = 8EFB64AB2479487300B853B9 /* DatabaseService.swift */; };
		8EFB64AE24794C9B00B853B9 /* CategoryType.swift in Sources */ = {isa = PBXBuildFile; fileRef = 8EFB64AD24794C9B00B853B9 /* CategoryType.swift */; };
		8EFB64B42479950E00B853B9 /* CategoryService.swift in Sources */ = {isa = PBXBuildFile; fileRef = 8EFB64B32479950E00B853B9 /* CategoryService.swift */; };
		8EFB64B82479B7B800B853B9 /* CategoryViewModelTests.swift in Sources */ = {isa = PBXBuildFile; fileRef = 8EFB64B72479B7B800B853B9 /* CategoryViewModelTests.swift */; };
		8EFB64BA2479B7E400B853B9 /* CategoryServiceMock.swift in Sources */ = {isa = PBXBuildFile; fileRef = 8EFB64B92479B7E400B853B9 /* CategoryServiceMock.swift */; };
		8EFB64BC2479BBA600B853B9 /* CategoryMock.swift in Sources */ = {isa = PBXBuildFile; fileRef = 8EFB64BB2479BBA600B853B9 /* CategoryMock.swift */; };
/* End PBXBuildFile section */

/* Begin PBXContainerItemProxy section */
		8E716FE424757DCD007AF650 /* PBXContainerItemProxy */ = {
			isa = PBXContainerItemProxy;
			containerPortal = 8E1BB9152474142800119A49 /* Project object */;
			proxyType = 1;
			remoteGlobalIDString = 8E1BB91C2474142800119A49;
			remoteInfo = Xpense;
		};
		8E716FF224757DDC007AF650 /* PBXContainerItemProxy */ = {
			isa = PBXContainerItemProxy;
			containerPortal = 8E1BB9152474142800119A49 /* Project object */;
			proxyType = 1;
			remoteGlobalIDString = 8E1BB91C2474142800119A49;
			remoteInfo = Xpense;
		};
/* End PBXContainerItemProxy section */

/* Begin PBXFileReference section */
		8E1BB91D2474142800119A49 /* Xpense.app */ = {isa = PBXFileReference; explicitFileType = wrapper.application; includeInIndex = 0; path = Xpense.app; sourceTree = BUILT_PRODUCTS_DIR; };
		8E1BB9202474142800119A49 /* AppDelegate.swift */ = {isa = PBXFileReference; lastKnownFileType = sourcecode.swift; path = AppDelegate.swift; sourceTree = "<group>"; };
		8E1BB9222474142800119A49 /* SceneDelegate.swift */ = {isa = PBXFileReference; lastKnownFileType = sourcecode.swift; path = SceneDelegate.swift; sourceTree = "<group>"; };
		8E1BB92A2474142800119A49 /* Xpense.xcdatamodel */ = {isa = PBXFileReference; lastKnownFileType = wrapper.xcdatamodel; path = Xpense.xcdatamodel; sourceTree = "<group>"; };
		8E1BB92C2474142900119A49 /* Assets.xcassets */ = {isa = PBXFileReference; lastKnownFileType = folder.assetcatalog; path = Assets.xcassets; sourceTree = "<group>"; };
		8E1BB92F2474142900119A49 /* Base */ = {isa = PBXFileReference; lastKnownFileType = file.storyboard; name = Base; path = Base.lproj/LaunchScreen.storyboard; sourceTree = "<group>"; };
		8E1BB9312474142900119A49 /* Info.plist */ = {isa = PBXFileReference; lastKnownFileType = text.plist.xml; path = Info.plist; sourceTree = "<group>"; };
		8E1BB9532474196700119A49 /* Localizable.strings */ = {isa = PBXFileReference; lastKnownFileType = text.plist.strings; path = Localizable.strings; sourceTree = "<group>"; };
		8E1BB95524741A1300119A49 /* TabBarController.swift */ = {isa = PBXFileReference; lastKnownFileType = sourcecode.swift; path = TabBarController.swift; sourceTree = "<group>"; };
		8E1BB963247424C800119A49 /* CurrencyLayerRouter.swift */ = {isa = PBXFileReference; lastKnownFileType = sourcecode.swift; path = CurrencyLayerRouter.swift; sourceTree = "<group>"; };
		8E1BB965247424E500119A49 /* CurrencyLayerRepository.swift */ = {isa = PBXFileReference; lastKnownFileType = sourcecode.swift; path = CurrencyLayerRepository.swift; sourceTree = "<group>"; };
		8E1BB967247424F000119A49 /* APIService.swift */ = {isa = PBXFileReference; lastKnownFileType = sourcecode.swift; path = APIService.swift; sourceTree = "<group>"; };
		8E1BB96A2474259000119A49 /* Logger.swift */ = {isa = PBXFileReference; lastKnownFileType = sourcecode.swift; path = Logger.swift; sourceTree = "<group>"; };
		8E1BB96C247426DE00119A49 /* README.md */ = {isa = PBXFileReference; fileEncoding = 4; lastKnownFileType = net.daringfireball.markdown; path = README.md; sourceTree = "<group>"; };
		8E1BB96E24742EB700119A49 /* APIError.swift */ = {isa = PBXFileReference; lastKnownFileType = sourcecode.swift; path = APIError.swift; sourceTree = "<group>"; };
		8E1BB97024742FFC00119A49 /* Localization+.swift */ = {isa = PBXFileReference; lastKnownFileType = sourcecode.swift; path = "Localization+.swift"; sourceTree = "<group>"; };
		8E45239924780AAE009936F6 /* JSONDecoder+.swift */ = {isa = PBXFileReference; lastKnownFileType = sourcecode.swift; path = "JSONDecoder+.swift"; sourceTree = "<group>"; };
		8E45239B24781264009936F6 /* CurrencyLayerRepositoryTests.swift */ = {isa = PBXFileReference; lastKnownFileType = sourcecode.swift; path = CurrencyLayerRepositoryTests.swift; sourceTree = "<group>"; };
		8E45239D247813DB009936F6 /* CurrencyLayerConvertResponseMock.swift */ = {isa = PBXFileReference; lastKnownFileType = sourcecode.swift; path = CurrencyLayerConvertResponseMock.swift; sourceTree = "<group>"; };
		8E45239F247826A7009936F6 /* Category.swift */ = {isa = PBXFileReference; lastKnownFileType = sourcecode.swift; path = Category.swift; sourceTree = "<group>"; };
		8E4523A724782B8A009936F6 /* CategoryViewController.swift */ = {isa = PBXFileReference; lastKnownFileType = sourcecode.swift; path = CategoryViewController.swift; sourceTree = "<group>"; };
		8E4523AB24782D2B009936F6 /* UIColors+.swift */ = {isa = PBXFileReference; lastKnownFileType = sourcecode.swift; path = "UIColors+.swift"; sourceTree = "<group>"; };
		8E4523AD24783060009936F6 /* CategoryViewModel.swift */ = {isa = PBXFileReference; lastKnownFileType = sourcecode.swift; path = CategoryViewModel.swift; sourceTree = "<group>"; };
		8E4523B224784252009936F6 /* UIColor+Tests.swift */ = {isa = PBXFileReference; lastKnownFileType = sourcecode.swift; path = "UIColor+Tests.swift"; sourceTree = "<group>"; };
		8E4523B424784325009936F6 /* Date+Tests.swift */ = {isa = PBXFileReference; lastKnownFileType = sourcecode.swift; path = "Date+Tests.swift"; sourceTree = "<group>"; };
		8E4523B62478461B009936F6 /* Alerts.swift */ = {isa = PBXFileReference; lastKnownFileType = sourcecode.swift; path = Alerts.swift; sourceTree = "<group>"; };
		8E4523B824784E1E009936F6 /* UIView+.swift */ = {isa = PBXFileReference; lastKnownFileType = sourcecode.swift; path = "UIView+.swift"; sourceTree = "<group>"; };
		8E716FDF24757DCD007AF650 /* UnitTests.xctest */ = {isa = PBXFileReference; explicitFileType = wrapper.cfbundle; includeInIndex = 0; path = UnitTests.xctest; sourceTree = BUILT_PRODUCTS_DIR; };
		8E716FE124757DCD007AF650 /* CurrencyLayerRouterTests.swift */ = {isa = PBXFileReference; lastKnownFileType = sourcecode.swift; path = CurrencyLayerRouterTests.swift; sourceTree = "<group>"; };
		8E716FE324757DCD007AF650 /* Info.plist */ = {isa = PBXFileReference; lastKnownFileType = text.plist.xml; path = Info.plist; sourceTree = "<group>"; };
		8E716FED24757DDC007AF650 /* IntegrationTests.xctest */ = {isa = PBXFileReference; explicitFileType = wrapper.cfbundle; includeInIndex = 0; path = IntegrationTests.xctest; sourceTree = BUILT_PRODUCTS_DIR; };
		8E716FEF24757DDC007AF650 /* APIServiceTests.swift */ = {isa = PBXFileReference; lastKnownFileType = sourcecode.swift; path = APIServiceTests.swift; sourceTree = "<group>"; };
		8E716FF124757DDC007AF650 /* Info.plist */ = {isa = PBXFileReference; lastKnownFileType = text.plist.xml; path = Info.plist; sourceTree = "<group>"; };
		8E716FFA247581D0007AF650 /* Result+.swift */ = {isa = PBXFileReference; lastKnownFileType = sourcecode.swift; path = "Result+.swift"; sourceTree = "<group>"; };
		8E716FFE24758E0A007AF650 /* Currency.swift */ = {isa = PBXFileReference; lastKnownFileType = sourcecode.swift; path = Currency.swift; sourceTree = "<group>"; };
		8E717000247592A1007AF650 /* Date+.swift */ = {isa = PBXFileReference; lastKnownFileType = sourcecode.swift; path = "Date+.swift"; sourceTree = "<group>"; };
		8E71700224759436007AF650 /* CurrencyLayerTests.swift */ = {isa = PBXFileReference; lastKnownFileType = sourcecode.swift; path = CurrencyLayerTests.swift; sourceTree = "<group>"; };
		8E7170042475A1A9007AF650 /* CurrencyLayerConvertResponse.swift */ = {isa = PBXFileReference; lastKnownFileType = sourcecode.swift; path = CurrencyLayerConvertResponse.swift; sourceTree = "<group>"; };
		8E7170062475A5AF007AF650 /* CurrencyLayerConvertResponseTests.swift */ = {isa = PBXFileReference; lastKnownFileType = sourcecode.swift; path = CurrencyLayerConvertResponseTests.swift; sourceTree = "<group>"; };
		8E7170092475A650007AF650 /* TestHelpers.swift */ = {isa = PBXFileReference; lastKnownFileType = sourcecode.swift; path = TestHelpers.swift; sourceTree = "<group>"; };
		8E90B50E2479CCFD00668D0C /* TransactionsViewController.swift */ = {isa = PBXFileReference; lastKnownFileType = sourcecode.swift; path = TransactionsViewController.swift; sourceTree = "<group>"; };
		8E90B5102479CD0600668D0C /* TransactionsViewModel.swift */ = {isa = PBXFileReference; lastKnownFileType = sourcecode.swift; path = TransactionsViewModel.swift; sourceTree = "<group>"; };
		8E90B5132479D3A600668D0C /* AddTransactionViewController.swift */ = {isa = PBXFileReference; lastKnownFileType = sourcecode.swift; path = AddTransactionViewController.swift; sourceTree = "<group>"; };
		8E90B5142479D3A600668D0C /* AddTransactionViewController.xib */ = {isa = PBXFileReference; lastKnownFileType = file.xib; path = AddTransactionViewController.xib; sourceTree = "<group>"; };
		8E90B5172479DA0A00668D0C /* AddTransactionViewModel.swift */ = {isa = PBXFileReference; lastKnownFileType = sourcecode.swift; path = AddTransactionViewModel.swift; sourceTree = "<group>"; };
		8E90B5192479E1E500668D0C /* Transaction.swift */ = {isa = PBXFileReference; lastKnownFileType = sourcecode.swift; path = Transaction.swift; sourceTree = "<group>"; };
		8E90B51B2479EE9400668D0C /* TransactionService.swift */ = {isa = PBXFileReference; lastKnownFileType = sourcecode.swift; path = TransactionService.swift; sourceTree = "<group>"; };
		8E90B51D2479F0D000668D0C /* TransactionDB+CoreDataClass.swift */ = {isa = PBXFileReference; lastKnownFileType = sourcecode.swift; path = "TransactionDB+CoreDataClass.swift"; sourceTree = "<group>"; };
		8E90B51E2479F0D000668D0C /* TransactionDB+CoreDataProperties.swift */ = {isa = PBXFileReference; lastKnownFileType = sourcecode.swift; path = "TransactionDB+CoreDataProperties.swift"; sourceTree = "<group>"; };
		8EE96C452477E2B1007E89BF /* RepositoryError.swift */ = {isa = PBXFileReference; lastKnownFileType = sourcecode.swift; path = RepositoryError.swift; sourceTree = "<group>"; };
		8EE96C472477E3D5007E89BF /* DI.swift */ = {isa = PBXFileReference; lastKnownFileType = sourcecode.swift; path = DI.swift; sourceTree = "<group>"; };
		8EE96C4C247807C6007E89BF /* APIServiceMock.swift */ = {isa = PBXFileReference; lastKnownFileType = sourcecode.swift; path = APIServiceMock.swift; sourceTree = "<group>"; };
		8EE96C4E24780940007E89BF /* CurrencyLayerRepositoryMock.swift */ = {isa = PBXFileReference; lastKnownFileType = sourcecode.swift; path = CurrencyLayerRepositoryMock.swift; sourceTree = "<group>"; };
		8EFB64A7247946B400B853B9 /* CategoryDB+CoreDataClass.swift */ = {isa = PBXFileReference; lastKnownFileType = sourcecode.swift; path = "CategoryDB+CoreDataClass.swift"; sourceTree = "<group>"; };
		8EFB64A8247946B400B853B9 /* CategoryDB+CoreDataProperties.swift */ = {isa = PBXFileReference; lastKnownFileType = sourcecode.swift; path = "CategoryDB+CoreDataProperties.swift"; sourceTree = "<group>"; };
		8EFB64AB2479487300B853B9 /* DatabaseService.swift */ = {isa = PBXFileReference; lastKnownFileType = sourcecode.swift; path = DatabaseService.swift; sourceTree = "<group>"; };
		8EFB64AD24794C9B00B853B9 /* CategoryType.swift */ = {isa = PBXFileReference; lastKnownFileType = sourcecode.swift; path = CategoryType.swift; sourceTree = "<group>"; };
		8EFB64B32479950E00B853B9 /* CategoryService.swift */ = {isa = PBXFileReference; lastKnownFileType = sourcecode.swift; path = CategoryService.swift; sourceTree = "<group>"; };
		8EFB64B72479B7B800B853B9 /* CategoryViewModelTests.swift */ = {isa = PBXFileReference; lastKnownFileType = sourcecode.swift; path = CategoryViewModelTests.swift; sourceTree = "<group>"; };
		8EFB64B92479B7E400B853B9 /* CategoryServiceMock.swift */ = {isa = PBXFileReference; lastKnownFileType = sourcecode.swift; path = CategoryServiceMock.swift; sourceTree = "<group>"; };
		8EFB64BB2479BBA600B853B9 /* CategoryMock.swift */ = {isa = PBXFileReference; lastKnownFileType = sourcecode.swift; path = CategoryMock.swift; sourceTree = "<group>"; };
/* End PBXFileReference section */

/* Begin PBXFrameworksBuildPhase section */
		8E1BB91A2474142800119A49 /* Frameworks */ = {
			isa = PBXFrameworksBuildPhase;
			buildActionMask = 2147483647;
			files = (
			);
			runOnlyForDeploymentPostprocessing = 0;
		};
		8E716FDC24757DCD007AF650 /* Frameworks */ = {
			isa = PBXFrameworksBuildPhase;
			buildActionMask = 2147483647;
			files = (
			);
			runOnlyForDeploymentPostprocessing = 0;
		};
		8E716FEA24757DDC007AF650 /* Frameworks */ = {
			isa = PBXFrameworksBuildPhase;
			buildActionMask = 2147483647;
			files = (
			);
			runOnlyForDeploymentPostprocessing = 0;
		};
/* End PBXFrameworksBuildPhase section */

/* Begin PBXGroup section */
		8E1BB9142474142800119A49 = {
			isa = PBXGroup;
			children = (
				8E1BB96C247426DE00119A49 /* README.md */,
				8E1BB91F2474142800119A49 /* Xpense */,
				8E716FE024757DCD007AF650 /* UnitTests */,
				8E716FEE24757DDC007AF650 /* IntegrationTests */,
				8E1BB91E2474142800119A49 /* Products */,
			);
			sourceTree = "<group>";
		};
		8E1BB91E2474142800119A49 /* Products */ = {
			isa = PBXGroup;
			children = (
				8E1BB91D2474142800119A49 /* Xpense.app */,
				8E716FDF24757DCD007AF650 /* UnitTests.xctest */,
				8E716FED24757DDC007AF650 /* IntegrationTests.xctest */,
			);
			name = Products;
			sourceTree = "<group>";
		};
		8E1BB91F2474142800119A49 /* Xpense */ = {
			isa = PBXGroup;
			children = (
				8E1BB9452474143100119A49 /* App */,
				8E1BB94A247417AD00119A49 /* Services */,
				8E1BB94B247417CF00119A49 /* Models */,
				8E1BB9512474187200119A49 /* Components */,
				8E1BB9522474187A00119A49 /* Extensions */,
				8E1BB9482474176D00119A49 /* Supporting Files */,
			);
			path = Xpense;
			sourceTree = "<group>";
		};
		8E1BB9452474143100119A49 /* App */ = {
			isa = PBXGroup;
			children = (
				8E1BB9202474142800119A49 /* AppDelegate.swift */,
				8E1BB9222474142800119A49 /* SceneDelegate.swift */,
				8E1BB95524741A1300119A49 /* TabBarController.swift */,
				8E1BB94C2474180300119A49 /* Transaction Tab */,
				8E1BB94E2474181B00119A49 /* Category Tab */,
			);
			path = App;
			sourceTree = "<group>";
		};
		8E1BB9462474144A00119A49 /* Databse Model */ = {
			isa = PBXGroup;
			children = (
				8E1BB9292474142800119A49 /* Xpense.xcdatamodeld */,
				8EFB64A7247946B400B853B9 /* CategoryDB+CoreDataClass.swift */,
				8EFB64A8247946B400B853B9 /* CategoryDB+CoreDataProperties.swift */,
				8E90B51D2479F0D000668D0C /* TransactionDB+CoreDataClass.swift */,
				8E90B51E2479F0D000668D0C /* TransactionDB+CoreDataProperties.swift */,
			);
			path = "Databse Model";
			sourceTree = "<group>";
		};
		8E1BB9482474176D00119A49 /* Supporting Files */ = {
			isa = PBXGroup;
			children = (
				8E1BB92E2474142900119A49 /* LaunchScreen.storyboard */,
				8E1BB92C2474142900119A49 /* Assets.xcassets */,
				8E1BB9312474142900119A49 /* Info.plist */,
				8E1BB9532474196700119A49 /* Localizable.strings */,
			);
			name = "Supporting Files";
			sourceTree = "<group>";
		};
		8E1BB94A247417AD00119A49 /* Services */ = {
			isa = PBXGroup;
			children = (
				8EE96C472477E3D5007E89BF /* DI.swift */,
				8E1BB94F2474185900119A49 /* API */,
				8EFB64AB2479487300B853B9 /* DatabaseService.swift */,
				8EFB64B32479950E00B853B9 /* CategoryService.swift */,
				8E90B51B2479EE9400668D0C /* TransactionService.swift */,
			);
			path = Services;
			sourceTree = "<group>";
		};
		8E1BB94B247417CF00119A49 /* Models */ = {
			isa = PBXGroup;
			children = (
				8E716FFE24758E0A007AF650 /* Currency.swift */,
				8E45239F247826A7009936F6 /* Category.swift */,
				8EFB64AD24794C9B00B853B9 /* CategoryType.swift */,
				8E90B5192479E1E500668D0C /* Transaction.swift */,
				8E1BB9462474144A00119A49 /* Databse Model */,
			);
			path = Models;
			sourceTree = "<group>";
		};
		8E1BB94C2474180300119A49 /* Transaction Tab */ = {
			isa = PBXGroup;
			children = (
				8E90B50E2479CCFD00668D0C /* TransactionsViewController.swift */,
				8E90B5102479CD0600668D0C /* TransactionsViewModel.swift */,
				8E90B5122479D37500668D0C /* Add Transaction */,
			);
			path = "Transaction Tab";
			sourceTree = "<group>";
		};
		8E1BB94E2474181B00119A49 /* Category Tab */ = {
			isa = PBXGroup;
			children = (
				8E4523A724782B8A009936F6 /* CategoryViewController.swift */,
				8E4523AD24783060009936F6 /* CategoryViewModel.swift */,
			);
			path = "Category Tab";
			sourceTree = "<group>";
		};
		8E1BB94F2474185900119A49 /* API */ = {
			isa = PBXGroup;
			children = (
				8E1BB967247424F000119A49 /* APIService.swift */,
				8E1BB96E24742EB700119A49 /* APIError.swift */,
				8EE96C452477E2B1007E89BF /* RepositoryError.swift */,
				8E1BB9502474186300119A49 /* CurrencyLayer */,
			);
			path = API;
			sourceTree = "<group>";
		};
		8E1BB9502474186300119A49 /* CurrencyLayer */ = {
			isa = PBXGroup;
			children = (
				8E1BB963247424C800119A49 /* CurrencyLayerRouter.swift */,
				8E1BB965247424E500119A49 /* CurrencyLayerRepository.swift */,
				8E7170042475A1A9007AF650 /* CurrencyLayerConvertResponse.swift */,
			);
			path = CurrencyLayer;
			sourceTree = "<group>";
		};
		8E1BB9512474187200119A49 /* Components */ = {
			isa = PBXGroup;
			children = (
				8E1BB96A2474259000119A49 /* Logger.swift */,
				8E4523B62478461B009936F6 /* Alerts.swift */,
			);
			path = Components;
			sourceTree = "<group>";
		};
		8E1BB9522474187A00119A49 /* Extensions */ = {
			isa = PBXGroup;
			children = (
				8E1BB97024742FFC00119A49 /* Localization+.swift */,
				8E716FFA247581D0007AF650 /* Result+.swift */,
				8E717000247592A1007AF650 /* Date+.swift */,
				8E45239924780AAE009936F6 /* JSONDecoder+.swift */,
				8E4523AB24782D2B009936F6 /* UIColors+.swift */,
				8E4523B824784E1E009936F6 /* UIView+.swift */,
			);
			path = Extensions;
			sourceTree = "<group>";
		};
		8E4523B12478423C009936F6 /* Extensions */ = {
			isa = PBXGroup;
			children = (
				8E4523B224784252009936F6 /* UIColor+Tests.swift */,
				8E4523B424784325009936F6 /* Date+Tests.swift */,
			);
			path = Extensions;
			sourceTree = "<group>";
		};
		8E716FE024757DCD007AF650 /* UnitTests */ = {
			isa = PBXGroup;
			children = (
				8E7170092475A650007AF650 /* TestHelpers.swift */,
				8EE96C4924780768007E89BF /* Mocks */,
				8E71700F2475ABA0007AF650 /* Routers */,
				8E7170102475ABC5007AF650 /* Repositories */,
				8E71700E2475AB95007AF650 /* Models */,
				8EFB649E247940DF00B853B9 /* View Models */,
				8E4523B12478423C009936F6 /* Extensions */,
				8E716FF824757DEB007AF650 /* Supporting Files */,
			);
			path = UnitTests;
			sourceTree = "<group>";
		};
		8E716FEE24757DDC007AF650 /* IntegrationTests */ = {
			isa = PBXGroup;
			children = (
				8E716FEF24757DDC007AF650 /* APIServiceTests.swift */,
				8E71700224759436007AF650 /* CurrencyLayerTests.swift */,
				8E716FF924757DF5007AF650 /* Supporting Files */,
			);
			path = IntegrationTests;
			sourceTree = "<group>";
		};
		8E716FF824757DEB007AF650 /* Supporting Files */ = {
			isa = PBXGroup;
			children = (
				8E716FE324757DCD007AF650 /* Info.plist */,
			);
			name = "Supporting Files";
			sourceTree = "<group>";
		};
		8E716FF924757DF5007AF650 /* Supporting Files */ = {
			isa = PBXGroup;
			children = (
				8E716FF124757DDC007AF650 /* Info.plist */,
			);
			name = "Supporting Files";
			sourceTree = "<group>";
		};
		8E71700E2475AB95007AF650 /* Models */ = {
			isa = PBXGroup;
			children = (
			);
			path = Models;
			sourceTree = "<group>";
		};
		8E71700F2475ABA0007AF650 /* Routers */ = {
			isa = PBXGroup;
			children = (
				8E716FE124757DCD007AF650 /* CurrencyLayerRouterTests.swift */,
			);
			path = Routers;
			sourceTree = "<group>";
		};
		8E7170102475ABC5007AF650 /* Repositories */ = {
			isa = PBXGroup;
			children = (
				8E45239B24781264009936F6 /* CurrencyLayerRepositoryTests.swift */,
				8E7170062475A5AF007AF650 /* CurrencyLayerConvertResponseTests.swift */,
			);
			path = Repositories;
			sourceTree = "<group>";
		};
		8E90B5122479D37500668D0C /* Add Transaction */ = {
			isa = PBXGroup;
			children = (
				8E90B5132479D3A600668D0C /* AddTransactionViewController.swift */,
				8E90B5172479DA0A00668D0C /* AddTransactionViewModel.swift */,
				8E90B5142479D3A600668D0C /* AddTransactionViewController.xib */,
			);
			path = "Add Transaction";
			sourceTree = "<group>";
		};
		8EE96C4924780768007E89BF /* Mocks */ = {
			isa = PBXGroup;
			children = (
				8EE96C4C247807C6007E89BF /* APIServiceMock.swift */,
				8EE96C4E24780940007E89BF /* CurrencyLayerRepositoryMock.swift */,
				8E45239D247813DB009936F6 /* CurrencyLayerConvertResponseMock.swift */,
				8EFB64B92479B7E400B853B9 /* CategoryServiceMock.swift */,
				8EFB64BB2479BBA600B853B9 /* CategoryMock.swift */,
			);
			path = Mocks;
			sourceTree = "<group>";
		};
		8EFB649E247940DF00B853B9 /* View Models */ = {
			isa = PBXGroup;
			children = (
				8EFB64B72479B7B800B853B9 /* CategoryViewModelTests.swift */,
			);
			path = "View Models";
			sourceTree = "<group>";
		};
/* End PBXGroup section */

/* Begin PBXNativeTarget section */
		8E1BB91C2474142800119A49 /* Xpense */ = {
			isa = PBXNativeTarget;
			buildConfigurationList = 8E1BB93F2474142900119A49 /* Build configuration list for PBXNativeTarget "Xpense" */;
			buildPhases = (
				8E1BB9192474142800119A49 /* Sources */,
				8E1BB91A2474142800119A49 /* Frameworks */,
				8E1BB91B2474142800119A49 /* Resources */,
			);
			buildRules = (
			);
			dependencies = (
			);
			name = Xpense;
			productName = Xpense;
			productReference = 8E1BB91D2474142800119A49 /* Xpense.app */;
			productType = "com.apple.product-type.application";
		};
		8E716FDE24757DCD007AF650 /* UnitTests */ = {
			isa = PBXNativeTarget;
			buildConfigurationList = 8E716FE824757DCD007AF650 /* Build configuration list for PBXNativeTarget "UnitTests" */;
			buildPhases = (
				8E716FDB24757DCD007AF650 /* Sources */,
				8E716FDC24757DCD007AF650 /* Frameworks */,
				8E716FDD24757DCD007AF650 /* Resources */,
			);
			buildRules = (
			);
			dependencies = (
				8E716FE524757DCD007AF650 /* PBXTargetDependency */,
			);
			name = UnitTests;
			productName = UnitTests;
			productReference = 8E716FDF24757DCD007AF650 /* UnitTests.xctest */;
			productType = "com.apple.product-type.bundle.unit-test";
		};
		8E716FEC24757DDC007AF650 /* IntegrationTests */ = {
			isa = PBXNativeTarget;
			buildConfigurationList = 8E716FF424757DDC007AF650 /* Build configuration list for PBXNativeTarget "IntegrationTests" */;
			buildPhases = (
				8E716FE924757DDC007AF650 /* Sources */,
				8E716FEA24757DDC007AF650 /* Frameworks */,
				8E716FEB24757DDC007AF650 /* Resources */,
			);
			buildRules = (
			);
			dependencies = (
				8E716FF324757DDC007AF650 /* PBXTargetDependency */,
			);
			name = IntegrationTests;
			productName = IntegrationTests;
			productReference = 8E716FED24757DDC007AF650 /* IntegrationTests.xctest */;
			productType = "com.apple.product-type.bundle.unit-test";
		};
/* End PBXNativeTarget section */

/* Begin PBXProject section */
		8E1BB9152474142800119A49 /* Project object */ = {
			isa = PBXProject;
			attributes = {
				LastSwiftUpdateCheck = 1140;
				LastUpgradeCheck = 1140;
				ORGANIZATIONNAME = nestor;
				TargetAttributes = {
					8E1BB91C2474142800119A49 = {
						CreatedOnToolsVersion = 11.4.1;
					};
					8E716FDE24757DCD007AF650 = {
						CreatedOnToolsVersion = 11.4.1;
						TestTargetID = 8E1BB91C2474142800119A49;
					};
					8E716FEC24757DDC007AF650 = {
						CreatedOnToolsVersion = 11.4.1;
						TestTargetID = 8E1BB91C2474142800119A49;
					};
				};
			};
			buildConfigurationList = 8E1BB9182474142800119A49 /* Build configuration list for PBXProject "Xpense" */;
			compatibilityVersion = "Xcode 9.3";
			developmentRegion = en;
			hasScannedForEncodings = 0;
			knownRegions = (
				en,
				Base,
			);
			mainGroup = 8E1BB9142474142800119A49;
			productRefGroup = 8E1BB91E2474142800119A49 /* Products */;
			projectDirPath = "";
			projectRoot = "";
			targets = (
				8E1BB91C2474142800119A49 /* Xpense */,
				8E716FDE24757DCD007AF650 /* UnitTests */,
				8E716FEC24757DDC007AF650 /* IntegrationTests */,
			);
		};
/* End PBXProject section */

/* Begin PBXResourcesBuildPhase section */
		8E1BB91B2474142800119A49 /* Resources */ = {
			isa = PBXResourcesBuildPhase;
			buildActionMask = 2147483647;
			files = (
				8E1BB9302474142900119A49 /* LaunchScreen.storyboard in Resources */,
				8E90B5162479D3A600668D0C /* AddTransactionViewController.xib in Resources */,
				8E1BB96D247426DE00119A49 /* README.md in Resources */,
				8E1BB9542474196700119A49 /* Localizable.strings in Resources */,
				8E1BB92D2474142900119A49 /* Assets.xcassets in Resources */,
			);
			runOnlyForDeploymentPostprocessing = 0;
		};
		8E716FDD24757DCD007AF650 /* Resources */ = {
			isa = PBXResourcesBuildPhase;
			buildActionMask = 2147483647;
			files = (
			);
			runOnlyForDeploymentPostprocessing = 0;
		};
		8E716FEB24757DDC007AF650 /* Resources */ = {
			isa = PBXResourcesBuildPhase;
			buildActionMask = 2147483647;
			files = (
			);
			runOnlyForDeploymentPostprocessing = 0;
		};
/* End PBXResourcesBuildPhase section */

/* Begin PBXSourcesBuildPhase section */
		8E1BB9192474142800119A49 /* Sources */ = {
			isa = PBXSourcesBuildPhase;
			buildActionMask = 2147483647;
			files = (
				8E1BB95624741A1300119A49 /* TabBarController.swift in Sources */,
				8E90B5112479CD0600668D0C /* TransactionsViewModel.swift in Sources */,
				8E1BB96B2474259000119A49 /* Logger.swift in Sources */,
				8E90B5152479D3A600668D0C /* AddTransactionViewController.swift in Sources */,
				8EFB64B42479950E00B853B9 /* CategoryService.swift in Sources */,
				8E716FFB247581D0007AF650 /* Result+.swift in Sources */,
				8E90B51F2479F0D000668D0C /* TransactionDB+CoreDataClass.swift in Sources */,
				8E90B51C2479EE9400668D0C /* TransactionService.swift in Sources */,
				8E1BB9212474142800119A49 /* AppDelegate.swift in Sources */,
				8E716FFF24758E0A007AF650 /* Currency.swift in Sources */,
				8E7170052475A1A9007AF650 /* CurrencyLayerConvertResponse.swift in Sources */,
				8EFB64AA247946B400B853B9 /* CategoryDB+CoreDataProperties.swift in Sources */,
				8EE96C462477E2B1007E89BF /* RepositoryError.swift in Sources */,
				8E90B51A2479E1E500668D0C /* Transaction.swift in Sources */,
				8E90B50F2479CCFD00668D0C /* TransactionsViewController.swift in Sources */,
				8EFB64AC2479487300B853B9 /* DatabaseService.swift in Sources */,
				8E1BB96F24742EB700119A49 /* APIError.swift in Sources */,
				8E1BB97124742FFC00119A49 /* Localization+.swift in Sources */,
				8E4523B72478461B009936F6 /* Alerts.swift in Sources */,
				8EFB64AE24794C9B00B853B9 /* CategoryType.swift in Sources */,
				8E90B5202479F0D000668D0C /* TransactionDB+CoreDataProperties.swift in Sources */,
				8E1BB964247424C800119A49 /* CurrencyLayerRouter.swift in Sources */,
				8E1BB968247424F000119A49 /* APIService.swift in Sources */,
				8E90B5182479DA0A00668D0C /* AddTransactionViewModel.swift in Sources */,
				8E717001247592A1007AF650 /* Date+.swift in Sources */,
				8E1BB92B2474142800119A49 /* Xpense.xcdatamodeld in Sources */,
				8E45239A24780AAE009936F6 /* JSONDecoder+.swift in Sources */,
				8E1BB9232474142800119A49 /* SceneDelegate.swift in Sources */,
				8EE96C482477E3D5007E89BF /* DI.swift in Sources */,
				8E1BB966247424E500119A49 /* CurrencyLayerRepository.swift in Sources */,
				8E4523AE24783060009936F6 /* CategoryViewModel.swift in Sources */,
				8E4523A0247826A7009936F6 /* Category.swift in Sources */,
				8E4523A824782B8A009936F6 /* CategoryViewController.swift in Sources */,
				8E4523AC24782D2B009936F6 /* UIColors+.swift in Sources */,
				8EFB64A9247946B400B853B9 /* CategoryDB+CoreDataClass.swift in Sources */,
				8E4523B924784E1E009936F6 /* UIView+.swift in Sources */,
			);
			runOnlyForDeploymentPostprocessing = 0;
		};
		8E716FDB24757DCD007AF650 /* Sources */ = {
			isa = PBXSourcesBuildPhase;
			buildActionMask = 2147483647;
			files = (
				8E7170072475A5AF007AF650 /* CurrencyLayerConvertResponseTests.swift in Sources */,
				8EFB64BC2479BBA600B853B9 /* CategoryMock.swift in Sources */,
				8E4523B324784252009936F6 /* UIColor+Tests.swift in Sources */,
				8E4523B524784325009936F6 /* Date+Tests.swift in Sources */,
				8E716FE224757DCD007AF650 /* CurrencyLayerRouterTests.swift in Sources */,
				8EFB64BA2479B7E400B853B9 /* CategoryServiceMock.swift in Sources */,
				8EFB64B82479B7B800B853B9 /* CategoryViewModelTests.swift in Sources */,
				8EE96C4D247807C6007E89BF /* APIServiceMock.swift in Sources */,
				8EE96C4F24780940007E89BF /* CurrencyLayerRepositoryMock.swift in Sources */,
				8E45239C24781264009936F6 /* CurrencyLayerRepositoryTests.swift in Sources */,
				8E45239E247813DB009936F6 /* CurrencyLayerConvertResponseMock.swift in Sources */,
				8E71700A2475A650007AF650 /* TestHelpers.swift in Sources */,
			);
			runOnlyForDeploymentPostprocessing = 0;
		};
		8E716FE924757DDC007AF650 /* Sources */ = {
			isa = PBXSourcesBuildPhase;
			buildActionMask = 2147483647;
			files = (
				8E71700324759436007AF650 /* CurrencyLayerTests.swift in Sources */,
				8E716FF024757DDC007AF650 /* APIServiceTests.swift in Sources */,
			);
			runOnlyForDeploymentPostprocessing = 0;
		};
/* End PBXSourcesBuildPhase section */

/* Begin PBXTargetDependency section */
		8E716FE524757DCD007AF650 /* PBXTargetDependency */ = {
			isa = PBXTargetDependency;
			target = 8E1BB91C2474142800119A49 /* Xpense */;
			targetProxy = 8E716FE424757DCD007AF650 /* PBXContainerItemProxy */;
		};
		8E716FF324757DDC007AF650 /* PBXTargetDependency */ = {
			isa = PBXTargetDependency;
			target = 8E1BB91C2474142800119A49 /* Xpense */;
			targetProxy = 8E716FF224757DDC007AF650 /* PBXContainerItemProxy */;
		};
/* End PBXTargetDependency section */

/* Begin PBXVariantGroup section */
		8E1BB92E2474142900119A49 /* LaunchScreen.storyboard */ = {
			isa = PBXVariantGroup;
			children = (
				8E1BB92F2474142900119A49 /* Base */,
			);
			name = LaunchScreen.storyboard;
			sourceTree = "<group>";
		};
/* End PBXVariantGroup section */

/* Begin XCBuildConfiguration section */
		8E1BB93D2474142900119A49 /* Debug */ = {
			isa = XCBuildConfiguration;
			buildSettings = {
				ALWAYS_SEARCH_USER_PATHS = NO;
				CLANG_ANALYZER_NONNULL = YES;
				CLANG_ANALYZER_NUMBER_OBJECT_CONVERSION = YES_AGGRESSIVE;
				CLANG_CXX_LANGUAGE_STANDARD = "gnu++14";
				CLANG_CXX_LIBRARY = "libc++";
				CLANG_ENABLE_MODULES = YES;
				CLANG_ENABLE_OBJC_ARC = YES;
				CLANG_ENABLE_OBJC_WEAK = YES;
				CLANG_WARN_BLOCK_CAPTURE_AUTORELEASING = YES;
				CLANG_WARN_BOOL_CONVERSION = YES;
				CLANG_WARN_COMMA = YES;
				CLANG_WARN_CONSTANT_CONVERSION = YES;
				CLANG_WARN_DEPRECATED_OBJC_IMPLEMENTATIONS = YES;
				CLANG_WARN_DIRECT_OBJC_ISA_USAGE = YES_ERROR;
				CLANG_WARN_DOCUMENTATION_COMMENTS = YES;
				CLANG_WARN_EMPTY_BODY = YES;
				CLANG_WARN_ENUM_CONVERSION = YES;
				CLANG_WARN_INFINITE_RECURSION = YES;
				CLANG_WARN_INT_CONVERSION = YES;
				CLANG_WARN_NON_LITERAL_NULL_CONVERSION = YES;
				CLANG_WARN_OBJC_IMPLICIT_RETAIN_SELF = YES;
				CLANG_WARN_OBJC_LITERAL_CONVERSION = YES;
				CLANG_WARN_OBJC_ROOT_CLASS = YES_ERROR;
				CLANG_WARN_RANGE_LOOP_ANALYSIS = YES;
				CLANG_WARN_STRICT_PROTOTYPES = YES;
				CLANG_WARN_SUSPICIOUS_MOVE = YES;
				CLANG_WARN_UNGUARDED_AVAILABILITY = YES_AGGRESSIVE;
				CLANG_WARN_UNREACHABLE_CODE = YES;
				CLANG_WARN__DUPLICATE_METHOD_MATCH = YES;
				COPY_PHASE_STRIP = NO;
				DEBUG_INFORMATION_FORMAT = dwarf;
				ENABLE_STRICT_OBJC_MSGSEND = YES;
				ENABLE_TESTABILITY = YES;
				GCC_C_LANGUAGE_STANDARD = gnu11;
				GCC_DYNAMIC_NO_PIC = NO;
				GCC_NO_COMMON_BLOCKS = YES;
				GCC_OPTIMIZATION_LEVEL = 0;
				GCC_PREPROCESSOR_DEFINITIONS = (
					"DEBUG=1",
					"$(inherited)",
				);
				GCC_WARN_64_TO_32_BIT_CONVERSION = YES;
				GCC_WARN_ABOUT_RETURN_TYPE = YES_ERROR;
				GCC_WARN_UNDECLARED_SELECTOR = YES;
				GCC_WARN_UNINITIALIZED_AUTOS = YES_AGGRESSIVE;
				GCC_WARN_UNUSED_FUNCTION = YES;
				GCC_WARN_UNUSED_VARIABLE = YES;
				IPHONEOS_DEPLOYMENT_TARGET = 13.4;
				MTL_ENABLE_DEBUG_INFO = INCLUDE_SOURCE;
				MTL_FAST_MATH = YES;
				ONLY_ACTIVE_ARCH = YES;
				SDKROOT = iphoneos;
				SWIFT_ACTIVE_COMPILATION_CONDITIONS = DEBUG;
				SWIFT_OPTIMIZATION_LEVEL = "-Onone";
			};
			name = Debug;
		};
		8E1BB93E2474142900119A49 /* Release */ = {
			isa = XCBuildConfiguration;
			buildSettings = {
				ALWAYS_SEARCH_USER_PATHS = NO;
				CLANG_ANALYZER_NONNULL = YES;
				CLANG_ANALYZER_NUMBER_OBJECT_CONVERSION = YES_AGGRESSIVE;
				CLANG_CXX_LANGUAGE_STANDARD = "gnu++14";
				CLANG_CXX_LIBRARY = "libc++";
				CLANG_ENABLE_MODULES = YES;
				CLANG_ENABLE_OBJC_ARC = YES;
				CLANG_ENABLE_OBJC_WEAK = YES;
				CLANG_WARN_BLOCK_CAPTURE_AUTORELEASING = YES;
				CLANG_WARN_BOOL_CONVERSION = YES;
				CLANG_WARN_COMMA = YES;
				CLANG_WARN_CONSTANT_CONVERSION = YES;
				CLANG_WARN_DEPRECATED_OBJC_IMPLEMENTATIONS = YES;
				CLANG_WARN_DIRECT_OBJC_ISA_USAGE = YES_ERROR;
				CLANG_WARN_DOCUMENTATION_COMMENTS = YES;
				CLANG_WARN_EMPTY_BODY = YES;
				CLANG_WARN_ENUM_CONVERSION = YES;
				CLANG_WARN_INFINITE_RECURSION = YES;
				CLANG_WARN_INT_CONVERSION = YES;
				CLANG_WARN_NON_LITERAL_NULL_CONVERSION = YES;
				CLANG_WARN_OBJC_IMPLICIT_RETAIN_SELF = YES;
				CLANG_WARN_OBJC_LITERAL_CONVERSION = YES;
				CLANG_WARN_OBJC_ROOT_CLASS = YES_ERROR;
				CLANG_WARN_RANGE_LOOP_ANALYSIS = YES;
				CLANG_WARN_STRICT_PROTOTYPES = YES;
				CLANG_WARN_SUSPICIOUS_MOVE = YES;
				CLANG_WARN_UNGUARDED_AVAILABILITY = YES_AGGRESSIVE;
				CLANG_WARN_UNREACHABLE_CODE = YES;
				CLANG_WARN__DUPLICATE_METHOD_MATCH = YES;
				COPY_PHASE_STRIP = NO;
				DEBUG_INFORMATION_FORMAT = "dwarf-with-dsym";
				ENABLE_NS_ASSERTIONS = NO;
				ENABLE_STRICT_OBJC_MSGSEND = YES;
				GCC_C_LANGUAGE_STANDARD = gnu11;
				GCC_NO_COMMON_BLOCKS = YES;
				GCC_WARN_64_TO_32_BIT_CONVERSION = YES;
				GCC_WARN_ABOUT_RETURN_TYPE = YES_ERROR;
				GCC_WARN_UNDECLARED_SELECTOR = YES;
				GCC_WARN_UNINITIALIZED_AUTOS = YES_AGGRESSIVE;
				GCC_WARN_UNUSED_FUNCTION = YES;
				GCC_WARN_UNUSED_VARIABLE = YES;
				IPHONEOS_DEPLOYMENT_TARGET = 13.4;
				MTL_ENABLE_DEBUG_INFO = NO;
				MTL_FAST_MATH = YES;
				SDKROOT = iphoneos;
				SWIFT_COMPILATION_MODE = wholemodule;
				SWIFT_OPTIMIZATION_LEVEL = "-O";
				VALIDATE_PRODUCT = YES;
			};
			name = Release;
		};
		8E1BB9402474142900119A49 /* Debug */ = {
			isa = XCBuildConfiguration;
			buildSettings = {
				ASSETCATALOG_COMPILER_APPICON_NAME = AppIcon;
				CODE_SIGN_STYLE = Automatic;
				INFOPLIST_FILE = Xpense/Info.plist;
				IPHONEOS_DEPLOYMENT_TARGET = 13.0;
				LD_RUNPATH_SEARCH_PATHS = (
					"$(inherited)",
					"@executable_path/Frameworks",
				);
				PRODUCT_BUNDLE_IDENTIFIER = com.nestor.Xpense;
				PRODUCT_NAME = "$(TARGET_NAME)";
				SWIFT_VERSION = 5.0;
				TARGETED_DEVICE_FAMILY = "1,2";
			};
			name = Debug;
		};
		8E1BB9412474142900119A49 /* Release */ = {
			isa = XCBuildConfiguration;
			buildSettings = {
				ASSETCATALOG_COMPILER_APPICON_NAME = AppIcon;
				CODE_SIGN_STYLE = Automatic;
				INFOPLIST_FILE = Xpense/Info.plist;
				IPHONEOS_DEPLOYMENT_TARGET = 13.0;
				LD_RUNPATH_SEARCH_PATHS = (
					"$(inherited)",
					"@executable_path/Frameworks",
				);
				PRODUCT_BUNDLE_IDENTIFIER = com.nestor.Xpense;
				PRODUCT_NAME = "$(TARGET_NAME)";
				SWIFT_VERSION = 5.0;
				TARGETED_DEVICE_FAMILY = "1,2";
			};
			name = Release;
		};
		8E716FE624757DCD007AF650 /* Debug */ = {
			isa = XCBuildConfiguration;
			buildSettings = {
				BUNDLE_LOADER = "$(TEST_HOST)";
				CODE_SIGN_STYLE = Automatic;
				INFOPLIST_FILE = UnitTests/Info.plist;
				LD_RUNPATH_SEARCH_PATHS = (
					"$(inherited)",
					"@executable_path/Frameworks",
					"@loader_path/Frameworks",
				);
				PRODUCT_BUNDLE_IDENTIFIER = com.nestor.UnitTests;
				PRODUCT_NAME = "$(TARGET_NAME)";
				SWIFT_VERSION = 5.0;
				TARGETED_DEVICE_FAMILY = "1,2";
				TEST_HOST = "$(BUILT_PRODUCTS_DIR)/Xpense.app/Xpense";
			};
			name = Debug;
		};
		8E716FE724757DCD007AF650 /* Release */ = {
			isa = XCBuildConfiguration;
			buildSettings = {
				BUNDLE_LOADER = "$(TEST_HOST)";
				CODE_SIGN_STYLE = Automatic;
				INFOPLIST_FILE = UnitTests/Info.plist;
				LD_RUNPATH_SEARCH_PATHS = (
					"$(inherited)",
					"@executable_path/Frameworks",
					"@loader_path/Frameworks",
				);
				PRODUCT_BUNDLE_IDENTIFIER = com.nestor.UnitTests;
				PRODUCT_NAME = "$(TARGET_NAME)";
				SWIFT_VERSION = 5.0;
				TARGETED_DEVICE_FAMILY = "1,2";
				TEST_HOST = "$(BUILT_PRODUCTS_DIR)/Xpense.app/Xpense";
			};
			name = Release;
		};
		8E716FF524757DDC007AF650 /* Debug */ = {
			isa = XCBuildConfiguration;
			buildSettings = {
				BUNDLE_LOADER = "$(TEST_HOST)";
				CODE_SIGN_STYLE = Automatic;
				INFOPLIST_FILE = IntegrationTests/Info.plist;
				LD_RUNPATH_SEARCH_PATHS = (
					"$(inherited)",
					"@executable_path/Frameworks",
					"@loader_path/Frameworks",
				);
				PRODUCT_BUNDLE_IDENTIFIER = com.nestor.IntegrationTests;
				PRODUCT_NAME = "$(TARGET_NAME)";
				SWIFT_VERSION = 5.0;
				TARGETED_DEVICE_FAMILY = "1,2";
				TEST_HOST = "$(BUILT_PRODUCTS_DIR)/Xpense.app/Xpense";
			};
			name = Debug;
		};
		8E716FF624757DDC007AF650 /* Release */ = {
			isa = XCBuildConfiguration;
			buildSettings = {
				BUNDLE_LOADER = "$(TEST_HOST)";
				CODE_SIGN_STYLE = Automatic;
				INFOPLIST_FILE = IntegrationTests/Info.plist;
				LD_RUNPATH_SEARCH_PATHS = (
					"$(inherited)",
					"@executable_path/Frameworks",
					"@loader_path/Frameworks",
				);
				PRODUCT_BUNDLE_IDENTIFIER = com.nestor.IntegrationTests;
				PRODUCT_NAME = "$(TARGET_NAME)";
				SWIFT_VERSION = 5.0;
				TARGETED_DEVICE_FAMILY = "1,2";
				TEST_HOST = "$(BUILT_PRODUCTS_DIR)/Xpense.app/Xpense";
			};
			name = Release;
		};
/* End XCBuildConfiguration section */

/* Begin XCConfigurationList section */
		8E1BB9182474142800119A49 /* Build configuration list for PBXProject "Xpense" */ = {
			isa = XCConfigurationList;
			buildConfigurations = (
				8E1BB93D2474142900119A49 /* Debug */,
				8E1BB93E2474142900119A49 /* Release */,
			);
			defaultConfigurationIsVisible = 0;
			defaultConfigurationName = Release;
		};
		8E1BB93F2474142900119A49 /* Build configuration list for PBXNativeTarget "Xpense" */ = {
			isa = XCConfigurationList;
			buildConfigurations = (
				8E1BB9402474142900119A49 /* Debug */,
				8E1BB9412474142900119A49 /* Release */,
			);
			defaultConfigurationIsVisible = 0;
			defaultConfigurationName = Release;
		};
		8E716FE824757DCD007AF650 /* Build configuration list for PBXNativeTarget "UnitTests" */ = {
			isa = XCConfigurationList;
			buildConfigurations = (
				8E716FE624757DCD007AF650 /* Debug */,
				8E716FE724757DCD007AF650 /* Release */,
			);
			defaultConfigurationIsVisible = 0;
			defaultConfigurationName = Release;
		};
		8E716FF424757DDC007AF650 /* Build configuration list for PBXNativeTarget "IntegrationTests" */ = {
			isa = XCConfigurationList;
			buildConfigurations = (
				8E716FF524757DDC007AF650 /* Debug */,
				8E716FF624757DDC007AF650 /* Release */,
			);
			defaultConfigurationIsVisible = 0;
			defaultConfigurationName = Release;
		};
/* End XCConfigurationList section */

/* Begin XCVersionGroup section */
		8E1BB9292474142800119A49 /* Xpense.xcdatamodeld */ = {
			isa = XCVersionGroup;
			children = (
				8E1BB92A2474142800119A49 /* Xpense.xcdatamodel */,
			);
			currentVersion = 8E1BB92A2474142800119A49 /* Xpense.xcdatamodel */;
			path = Xpense.xcdatamodeld;
			sourceTree = "<group>";
			versionGroupType = wrapper.xcdatamodel;
		};
/* End XCVersionGroup section */
	};
	rootObject = 8E1BB9152474142800119A49 /* Project object */;
}
